
Microsoft Visual Studio Solution File, Format Version 12.00
# Visual Studio Version 17
VisualStudioVersion = 17.7.34221.43
MinimumVisualStudioVersion = 10.0.40219.1
Project("{2150E333-8FDC-42A3-9474-1A3956D46DE8}") = "Backend", "Backend", "{4910BA53-1070-4BE4-851F-A5A7C6C33935}"
EndProject
Project("{2150E333-8FDC-42A3-9474-1A3956D46DE8}") = "Data", "Data", "{7A12F847-43C8-4DE9-BC53-8F04F2293D60}"
EndProject
Project("{2150E333-8FDC-42A3-9474-1A3956D46DE8}") = "Services", "Services", "{3721EC4C-5C2C-4161-898C-1B4E2F7C0CFE}"
EndProject
Project("{2150E333-8FDC-42A3-9474-1A3956D46DE8}") = "Core", "Core", "{F6417805-CA7D-4A09-B625-F2D9301E9136}"
EndProject
Project("{2150E333-8FDC-42A3-9474-1A3956D46DE8}") = "Frontend", "Frontend", "{AA1AC163-73CC-4D51-B4D2-2251D5BD1A81}"
EndProject
Project("{2150E333-8FDC-42A3-9474-1A3956D46DE8}") = "Clients", "Clients", "{805CB53F-C9C7-4620-A8AE-C2E4390DC716}"
EndProject
Project("{2150E333-8FDC-42A3-9474-1A3956D46DE8}") = "Shared", "Shared", "{DA9588F6-0E9A-48EE-AE9D-6756438C4C7E}"
EndProject
Project("{9A19103F-16F7-4668-BE54-9A1E7A4F7556}") = "ParkIstra.Libraries.ASP", "ParkIstra.Libraries.ASP\ParkIstra.Libraries.ASP.csproj", "{6E8E2B4B-497B-44CA-A9B7-A6DD40B40619}"
EndProject
Project("{9A19103F-16F7-4668-BE54-9A1E7A4F7556}") = "ParkIstra.Libraries.ASP.EF", "ParkIstra.Libraries.ASP.EF\ParkIstra.Libraries.ASP.EF.csproj", "{C22757A8-9EA5-4CA1-929A-8A3F3B09FCFF}"
EndProject
Project("{9A19103F-16F7-4668-BE54-9A1E7A4F7556}") = "ParkIstra.Libraries.Broker", "ParkIstra.Libraries.Broker\ParkIstra.Libraries.Broker.csproj", "{DD421A69-F140-4377-951A-ACB19AF659BA}"
EndProject
Project("{9A19103F-16F7-4668-BE54-9A1E7A4F7556}") = "ParkIstra.Libraries.EF", "ParkIstra.Libraries.EF\ParkIstra.Libraries.EF.csproj", "{4869DB11-3593-4BAB-8E82-C90AC833CAEB}"
EndProject
Project("{9A19103F-16F7-4668-BE54-9A1E7A4F7556}") = "ParkIstra.Libraries.OData", "ParkIstra.Libraries.OData\ParkIstra.Libraries.OData.csproj", "{5DC14C28-93F3-4451-B2A6-73869F7C3B90}"
EndProject
Project("{9A19103F-16F7-4668-BE54-9A1E7A4F7556}") = "ParkIstra.Models.Main", "ParkIstra.Models.Main\ParkIstra.Models.Main.csproj", "{DCBCACA6-653D-40B3-A760-A1440E594679}"
EndProject
Project("{9A19103F-16F7-4668-BE54-9A1E7A4F7556}") = "ParkIstra.Models.Shared", "ParkIstra.Models.Shared\ParkIstra.Models.Shared.csproj", "{9D7AEB08-285E-4DBF-B6DC-4D878A235A74}"
EndProject
Project("{9A19103F-16F7-4668-BE54-9A1E7A4F7556}") = "ParkIstra.Models.Util", "ParkIstra.Models.Util\ParkIstra.Models.Util.csproj", "{6B7C0534-F3A5-43B6-9EF2-1AE290BFF148}"
EndProject
Project("{9A19103F-16F7-4668-BE54-9A1E7A4F7556}") = "ParkIstra.Services.EmailSender", "ParkIstra.Services.EmailSender\ParkIstra.Services.EmailSender.csproj", "{9A7F2D07-EAD0-4A8D-8EC4-94A7B2C9033D}"
EndProject
Project("{9A19103F-16F7-4668-BE54-9A1E7A4F7556}") = "ParkIstra.Libraries.Blazor.Components", "ParkIstra.Libraries.Blazor.Components\ParkIstra.Libraries.Blazor.Components.csproj", "{68AB09F4-FCA6-4AD0-BC1C-09B5B3E2F053}"
EndProject
Project("{9A19103F-16F7-4668-BE54-9A1E7A4F7556}") = "ParkIstra.Services.MainApi", "ParkIstra.Services.Main.Api\ParkIstra.Services.MainApi.csproj", "{DC56AA53-820E-48E4-9087-F7D05086DAC5}"
EndProject
Project("{9A19103F-16F7-4668-BE54-9A1E7A4F7556}") = "AppInterfaces", "AppInterfaces\AppInterfaces.csproj", "{87310937-9147-4E49-983E-08DBC8D066D9}"
EndProject
Project("{9A19103F-16F7-4668-BE54-9A1E7A4F7556}") = "ParkIstra.AppBlazor.Client", "ParkIstra.AppBlazor.Client\ParkIstra.AppBlazor.Client.csproj", "{A4D37BDC-BCBA-43D5-A379-98848E0F7BD9}"
EndProject
Project("{9A19103F-16F7-4668-BE54-9A1E7A4F7556}") = "ParkIstra.AppBrokers.UtilApi", "ParkIstra.AppBrokers.UtilApi\ParkIstra.AppBrokers.UtilApi.csproj", "{32A99E8B-8B5B-41A3-91F2-5EE729487BA9}"
EndProject
Project("{9A19103F-16F7-4668-BE54-9A1E7A4F7556}") = "ParkIstra.AppServices.MainApi", "ParkIstra.AppServices.MainApi\ParkIstra.AppServices.MainApi.csproj", "{4C9D0D07-321D-4656-BDD1-FF89D15D0363}"
EndProject
Project("{9A19103F-16F7-4668-BE54-9A1E7A4F7556}") = "ParkIstra.AppServices.UtilApi", "ParkIstra.AppServices.UtilApi\ParkIstra.AppServices.UtilApi.csproj", "{40D6C972-5AFB-4C0C-BF99-FDC05840D53F}"
EndProject
Project("{FAE04EC0-301F-11D3-BF4B-00C04F79EFBC}") = "ParkIstra.Contexts.Main", "ParkIstra.Contexts.Main\ParkIstra.Contexts.Main.csproj", "{8E20EE36-39CA-4D8B-85B1-9EDE00150838}"
EndProject
Project("{FAE04EC0-301F-11D3-BF4B-00C04F79EFBC}") = "ParkIstra.Contexts.Util", "ParkIstra.Contexts.Util\ParkIstra.Contexts.Util.csproj", "{DCDD89D2-9BF5-4326-9C64-094825BFF4A7}"
EndProject
Project("{FAE04EC0-301F-11D3-BF4B-00C04F79EFBC}") = "ParkIstra.AppBrokers.MainApi", "ParkIstra.AppBrokers.MainApi\ParkIstra.AppBrokers.MainApi.csproj", "{EC051C4F-1767-41C2-8806-330FC71AB9D9}"
EndProject
Global
	GlobalSection(SolutionConfigurationPlatforms) = preSolution
		Debug|Any CPU = Debug|Any CPU
		Release|Any CPU = Release|Any CPU
	EndGlobalSection
	GlobalSection(ProjectConfigurationPlatforms) = postSolution
		{6E8E2B4B-497B-44CA-A9B7-A6DD40B40619}.Debug|Any CPU.ActiveCfg = Debug|Any CPU
		{6E8E2B4B-497B-44CA-A9B7-A6DD40B40619}.Debug|Any CPU.Build.0 = Debug|Any CPU
		{6E8E2B4B-497B-44CA-A9B7-A6DD40B40619}.Release|Any CPU.ActiveCfg = Release|Any CPU
		{6E8E2B4B-497B-44CA-A9B7-A6DD40B40619}.Release|Any CPU.Build.0 = Release|Any CPU
		{C22757A8-9EA5-4CA1-929A-8A3F3B09FCFF}.Debug|Any CPU.ActiveCfg = Debug|Any CPU
		{C22757A8-9EA5-4CA1-929A-8A3F3B09FCFF}.Debug|Any CPU.Build.0 = Debug|Any CPU
		{C22757A8-9EA5-4CA1-929A-8A3F3B09FCFF}.Release|Any CPU.ActiveCfg = Release|Any CPU
		{C22757A8-9EA5-4CA1-929A-8A3F3B09FCFF}.Release|Any CPU.Build.0 = Release|Any CPU
		{DD421A69-F140-4377-951A-ACB19AF659BA}.Debug|Any CPU.ActiveCfg = Debug|Any CPU
		{DD421A69-F140-4377-951A-ACB19AF659BA}.Debug|Any CPU.Build.0 = Debug|Any CPU
		{DD421A69-F140-4377-951A-ACB19AF659BA}.Release|Any CPU.ActiveCfg = Release|Any CPU
		{DD421A69-F140-4377-951A-ACB19AF659BA}.Release|Any CPU.Build.0 = Release|Any CPU
		{4869DB11-3593-4BAB-8E82-C90AC833CAEB}.Debug|Any CPU.ActiveCfg = Debug|Any CPU
		{4869DB11-3593-4BAB-8E82-C90AC833CAEB}.Debug|Any CPU.Build.0 = Debug|Any CPU
		{4869DB11-3593-4BAB-8E82-C90AC833CAEB}.Release|Any CPU.ActiveCfg = Release|Any CPU
		{4869DB11-3593-4BAB-8E82-C90AC833CAEB}.Release|Any CPU.Build.0 = Release|Any CPU
		{5DC14C28-93F3-4451-B2A6-73869F7C3B90}.Debug|Any CPU.ActiveCfg = Debug|Any CPU
		{5DC14C28-93F3-4451-B2A6-73869F7C3B90}.Debug|Any CPU.Build.0 = Debug|Any CPU
		{5DC14C28-93F3-4451-B2A6-73869F7C3B90}.Release|Any CPU.ActiveCfg = Release|Any CPU
		{5DC14C28-93F3-4451-B2A6-73869F7C3B90}.Release|Any CPU.Build.0 = Release|Any CPU
		{DCBCACA6-653D-40B3-A760-A1440E594679}.Debug|Any CPU.ActiveCfg = Debug|Any CPU
		{DCBCACA6-653D-40B3-A760-A1440E594679}.Debug|Any CPU.Build.0 = Debug|Any CPU
		{DCBCACA6-653D-40B3-A760-A1440E594679}.Release|Any CPU.ActiveCfg = Release|Any CPU
		{DCBCACA6-653D-40B3-A760-A1440E594679}.Release|Any CPU.Build.0 = Release|Any CPU
		{9D7AEB08-285E-4DBF-B6DC-4D878A235A74}.Debug|Any CPU.ActiveCfg = Debug|Any CPU
		{9D7AEB08-285E-4DBF-B6DC-4D878A235A74}.Debug|Any CPU.Build.0 = Debug|Any CPU
		{9D7AEB08-285E-4DBF-B6DC-4D878A235A74}.Release|Any CPU.ActiveCfg = Release|Any CPU
		{9D7AEB08-285E-4DBF-B6DC-4D878A235A74}.Release|Any CPU.Build.0 = Release|Any CPU
		{6B7C0534-F3A5-43B6-9EF2-1AE290BFF148}.Debug|Any CPU.ActiveCfg = Debug|Any CPU
		{6B7C0534-F3A5-43B6-9EF2-1AE290BFF148}.Debug|Any CPU.Build.0 = Debug|Any CPU
		{6B7C0534-F3A5-43B6-9EF2-1AE290BFF148}.Release|Any CPU.ActiveCfg = Release|Any CPU
		{6B7C0534-F3A5-43B6-9EF2-1AE290BFF148}.Release|Any CPU.Build.0 = Release|Any CPU
		{9A7F2D07-EAD0-4A8D-8EC4-94A7B2C9033D}.Debug|Any CPU.ActiveCfg = Debug|Any CPU
		{9A7F2D07-EAD0-4A8D-8EC4-94A7B2C9033D}.Debug|Any CPU.Build.0 = Debug|Any CPU
		{9A7F2D07-EAD0-4A8D-8EC4-94A7B2C9033D}.Release|Any CPU.ActiveCfg = Release|Any CPU
		{9A7F2D07-EAD0-4A8D-8EC4-94A7B2C9033D}.Release|Any CPU.Build.0 = Release|Any CPU
		{68AB09F4-FCA6-4AD0-BC1C-09B5B3E2F053}.Debug|Any CPU.ActiveCfg = Debug|Any CPU
		{68AB09F4-FCA6-4AD0-BC1C-09B5B3E2F053}.Debug|Any CPU.Build.0 = Debug|Any CPU
		{68AB09F4-FCA6-4AD0-BC1C-09B5B3E2F053}.Release|Any CPU.ActiveCfg = Release|Any CPU
		{68AB09F4-FCA6-4AD0-BC1C-09B5B3E2F053}.Release|Any CPU.Build.0 = Release|Any CPU
		{DC56AA53-820E-48E4-9087-F7D05086DAC5}.Debug|Any CPU.ActiveCfg = Debug|Any CPU
		{DC56AA53-820E-48E4-9087-F7D05086DAC5}.Debug|Any CPU.Build.0 = Debug|Any CPU
		{DC56AA53-820E-48E4-9087-F7D05086DAC5}.Release|Any CPU.ActiveCfg = Release|Any CPU
		{DC56AA53-820E-48E4-9087-F7D05086DAC5}.Release|Any CPU.Build.0 = Release|Any CPU
		{87310937-9147-4E49-983E-08DBC8D066D9}.Debug|Any CPU.ActiveCfg = Debug|Any CPU
		{87310937-9147-4E49-983E-08DBC8D066D9}.Debug|Any CPU.Build.0 = Debug|Any CPU
		{87310937-9147-4E49-983E-08DBC8D066D9}.Release|Any CPU.ActiveCfg = Release|Any CPU
		{87310937-9147-4E49-983E-08DBC8D066D9}.Release|Any CPU.Build.0 = Release|Any CPU
		{A4D37BDC-BCBA-43D5-A379-98848E0F7BD9}.Debug|Any CPU.ActiveCfg = Debug|Any CPU
		{A4D37BDC-BCBA-43D5-A379-98848E0F7BD9}.Debug|Any CPU.Build.0 = Debug|Any CPU
		{A4D37BDC-BCBA-43D5-A379-98848E0F7BD9}.Release|Any CPU.ActiveCfg = Release|Any CPU
		{A4D37BDC-BCBA-43D5-A379-98848E0F7BD9}.Release|Any CPU.Build.0 = Release|Any CPU
		{32A99E8B-8B5B-41A3-91F2-5EE729487BA9}.Debug|Any CPU.ActiveCfg = Debug|Any CPU
		{32A99E8B-8B5B-41A3-91F2-5EE729487BA9}.Debug|Any CPU.Build.0 = Debug|Any CPU
		{32A99E8B-8B5B-41A3-91F2-5EE729487BA9}.Release|Any CPU.ActiveCfg = Release|Any CPU
		{32A99E8B-8B5B-41A3-91F2-5EE729487BA9}.Release|Any CPU.Build.0 = Release|Any CPU
		{4C9D0D07-321D-4656-BDD1-FF89D15D0363}.Debug|Any CPU.ActiveCfg = Debug|Any CPU
		{4C9D0D07-321D-4656-BDD1-FF89D15D0363}.Debug|Any CPU.Build.0 = Debug|Any CPU
		{4C9D0D07-321D-4656-BDD1-FF89D15D0363}.Release|Any CPU.ActiveCfg = Release|Any CPU
		{4C9D0D07-321D-4656-BDD1-FF89D15D0363}.Release|Any CPU.Build.0 = Release|Any CPU
		{40D6C972-5AFB-4C0C-BF99-FDC05840D53F}.Debug|Any CPU.ActiveCfg = Debug|Any CPU
		{40D6C972-5AFB-4C0C-BF99-FDC05840D53F}.Debug|Any CPU.Build.0 = Debug|Any CPU
		{40D6C972-5AFB-4C0C-BF99-FDC05840D53F}.Release|Any CPU.ActiveCfg = Release|Any CPU
		{40D6C972-5AFB-4C0C-BF99-FDC05840D53F}.Release|Any CPU.Build.0 = Release|Any CPU
		{8E20EE36-39CA-4D8B-85B1-9EDE00150838}.Debug|Any CPU.ActiveCfg = Debug|Any CPU
		{8E20EE36-39CA-4D8B-85B1-9EDE00150838}.Debug|Any CPU.Build.0 = Debug|Any CPU
		{8E20EE36-39CA-4D8B-85B1-9EDE00150838}.Release|Any CPU.ActiveCfg = Release|Any CPU
		{8E20EE36-39CA-4D8B-85B1-9EDE00150838}.Release|Any CPU.Build.0 = Release|Any CPU
		{DCDD89D2-9BF5-4326-9C64-094825BFF4A7}.Debug|Any CPU.ActiveCfg = Debug|Any CPU
		{DCDD89D2-9BF5-4326-9C64-094825BFF4A7}.Debug|Any CPU.Build.0 = Debug|Any CPU
		{DCDD89D2-9BF5-4326-9C64-094825BFF4A7}.Release|Any CPU.ActiveCfg = Release|Any CPU
		{DCDD89D2-9BF5-4326-9C64-094825BFF4A7}.Release|Any CPU.Build.0 = Release|Any CPU
		{EC051C4F-1767-41C2-8806-330FC71AB9D9}.Debug|Any CPU.ActiveCfg = Debug|Any CPU
		{EC051C4F-1767-41C2-8806-330FC71AB9D9}.Debug|Any CPU.Build.0 = Debug|Any CPU
		{EC051C4F-1767-41C2-8806-330FC71AB9D9}.Release|Any CPU.ActiveCfg = Release|Any CPU
		{EC051C4F-1767-41C2-8806-330FC71AB9D9}.Release|Any CPU.Build.0 = Release|Any CPU
	EndGlobalSection
	GlobalSection(SolutionProperties) = preSolution
		HideSolutionNode = FALSE
	EndGlobalSection
	GlobalSection(NestedProjects) = preSolution
		{7A12F847-43C8-4DE9-BC53-8F04F2293D60} = {4910BA53-1070-4BE4-851F-A5A7C6C33935}
		{3721EC4C-5C2C-4161-898C-1B4E2F7C0CFE} = {4910BA53-1070-4BE4-851F-A5A7C6C33935}
		{805CB53F-C9C7-4620-A8AE-C2E4390DC716} = {AA1AC163-73CC-4D51-B4D2-2251D5BD1A81}
		{DA9588F6-0E9A-48EE-AE9D-6756438C4C7E} = {AA1AC163-73CC-4D51-B4D2-2251D5BD1A81}
		{6E8E2B4B-497B-44CA-A9B7-A6DD40B40619} = {F6417805-CA7D-4A09-B625-F2D9301E9136}
		{C22757A8-9EA5-4CA1-929A-8A3F3B09FCFF} = {F6417805-CA7D-4A09-B625-F2D9301E9136}
		{DD421A69-F140-4377-951A-ACB19AF659BA} = {F6417805-CA7D-4A09-B625-F2D9301E9136}
		{4869DB11-3593-4BAB-8E82-C90AC833CAEB} = {F6417805-CA7D-4A09-B625-F2D9301E9136}
		{5DC14C28-93F3-4451-B2A6-73869F7C3B90} = {F6417805-CA7D-4A09-B625-F2D9301E9136}
		{DCBCACA6-653D-40B3-A760-A1440E594679} = {F6417805-CA7D-4A09-B625-F2D9301E9136}
		{9D7AEB08-285E-4DBF-B6DC-4D878A235A74} = {F6417805-CA7D-4A09-B625-F2D9301E9136}
		{6B7C0534-F3A5-43B6-9EF2-1AE290BFF148} = {F6417805-CA7D-4A09-B625-F2D9301E9136}
		{9A7F2D07-EAD0-4A8D-8EC4-94A7B2C9033D} = {F6417805-CA7D-4A09-B625-F2D9301E9136}
		{68AB09F4-FCA6-4AD0-BC1C-09B5B3E2F053} = {F6417805-CA7D-4A09-B625-F2D9301E9136}
		{DC56AA53-820E-48E4-9087-F7D05086DAC5} = {3721EC4C-5C2C-4161-898C-1B4E2F7C0CFE}
		{87310937-9147-4E49-983E-08DBC8D066D9} = {DA9588F6-0E9A-48EE-AE9D-6756438C4C7E}
		{A4D37BDC-BCBA-43D5-A379-98848E0F7BD9} = {805CB53F-C9C7-4620-A8AE-C2E4390DC716}
		{32A99E8B-8B5B-41A3-91F2-5EE729487BA9} = {DA9588F6-0E9A-48EE-AE9D-6756438C4C7E}
		{4C9D0D07-321D-4656-BDD1-FF89D15D0363} = {DA9588F6-0E9A-48EE-AE9D-6756438C4C7E}
		{40D6C972-5AFB-4C0C-BF99-FDC05840D53F} = {DA9588F6-0E9A-48EE-AE9D-6756438C4C7E}
		{8E20EE36-39CA-4D8B-85B1-9EDE00150838} = {7A12F847-43C8-4DE9-BC53-8F04F2293D60}
		{DCDD89D2-9BF5-4326-9C64-094825BFF4A7} = {7A12F847-43C8-4DE9-BC53-8F04F2293D60}
		{EC051C4F-1767-41C2-8806-330FC71AB9D9} = {DA9588F6-0E9A-48EE-AE9D-6756438C4C7E}
	EndGlobalSection
	GlobalSection(ExtensibilityGlobals) = postSolution
		SolutionGuid = {D301DE5A-AB80-425F-8913-A6F9C013B3AB}
	EndGlobalSection
EndGlobal
